
Microsoft Visual Studio Solution File, Format Version 12.00
# Visual Studio Version 17
VisualStudioVersion = 17.3.32825.248
MinimumVisualStudioVersion = 10.0.40219.1
Project("{9A19103F-16F7-4668-BE54-9A1E7A4F7556}") = "SimpleAPI", "SimpleAPI\SimpleAPI.csproj", "{03812BDD-C33F-4165-8606-3F9B13595675}"
EndProject
Project("{FAE04EC0-301F-11D3-BF4B-00C04F79EFBC}") = "SimpleAPI.DataAccessLayer", "SimpleAPI.DataAccessLayer\SimpleAPI.DataAccessLayer.csproj", "{6A6FAB1E-1864-4E2F-A0C9-9A73CFAD42E5}"
EndProject
Global
	GlobalSection(SolutionConfigurationPlatforms) = preSolution
		Debug|Any CPU = Debug|Any CPU
		Release|Any CPU = Release|Any CPU
	EndGlobalSection
	GlobalSection(ProjectConfigurationPlatforms) = postSolution
		{03812BDD-C33F-4165-8606-3F9B13595675}.Debug|Any CPU.ActiveCfg = Debug|Any CPU
		{03812BDD-C33F-4165-8606-3F9B13595675}.Debug|Any CPU.Build.0 = Debug|Any CPU
		{03812BDD-C33F-4165-8606-3F9B13595675}.Release|Any CPU.ActiveCfg = Release|Any CPU
		{03812BDD-C33F-4165-8606-3F9B13595675}.Release|Any CPU.Build.0 = Release|Any CPU
		{6A6FAB1E-1864-4E2F-A0C9-9A73CFAD42E5}.Debug|Any CPU.ActiveCfg = Debug|Any CPU
		{6A6FAB1E-1864-4E2F-A0C9-9A73CFAD42E5}.Debug|Any CPU.Build.0 = Debug|Any CPU
		{6A6FAB1E-1864-4E2F-A0C9-9A73CFAD42E5}.Release|Any CPU.ActiveCfg = Release|Any CPU
		{6A6FAB1E-1864-4E2F-A0C9-9A73CFAD42E5}.Release|Any CPU.Build.0 = Release|Any CPU
	EndGlobalSection
	GlobalSection(SolutionProperties) = preSolution
		HideSolutionNode = FALSE
	EndGlobalSection
	GlobalSection(ExtensibilityGlobals) = postSolution
		SolutionGuid = {57E32724-1100-4667-B3B2-DD5CF15C4885}
	EndGlobalSection
EndGlobal
